<?xml version="1.0" encoding="UTF-8"?>
<Scheme LastUpgradeVersion = "2600" version = "1.7">
   <BuildAction parallelizeBuildables = "YES" buildImplicitDependencies = "YES">
      <BuildActionEntries>
         <BuildActionEntry buildForTesting = "YES" buildForRunning = "YES" buildForProfiling = "YES" buildForArchiving = "YES" buildForAnalyzing = "YES">
            <BuildableReference BuildableIdentifier = "primary" BlueprintIdentifier = "CC3222562F098A21004DF5DE" BuildableName = "essensys-iphone.app" BlueprintName = "essensys-iphone" ReferencedContainer = "container:essensys-iphone.xcodeproj"/>
         </BuildActionEntry>
      </BuildActionEntries>
   </BuildAction>
   <TestAction buildConfiguration = "Debug" selectedDebuggerIdentifier = "Xcode.DebuggerFoundation.Debugger.LLDB" selectedLauncherIdentifier = "Xcode.DebuggerFoundation.Launcher.LLDB" shouldUseLaunchSchemeArgsEnv = "YES">
      <Testables>
         <TestableReference skipped = "NO" parallelizable = "NO">
            <BuildableReference BuildableIdentifier = "primary" BlueprintIdentifier = "CC3222662F098A23004DF5DE" BuildableName = "essensys-iphoneTests.xctest" BlueprintName = "essensys-iphoneTests" ReferencedContainer = "container:essensys-iphone.xcodeproj"/>
         </TestableReference>
         <TestableReference skipped = "NO" parallelizable = "NO">
            <BuildableReference BuildableIdentifier = "primary" BlueprintIdentifier = "CC3222702F098A23004DF5DE" BuildableName = "essensys-iphoneUITests.xctest" BlueprintName = "essensys-iphoneUITests" ReferencedContainer = "container:essensys-iphone.xcodeproj"/>
         </TestableReference>
      </Testables>
   </TestAction>
   <LaunchAction buildConfiguration = "Debug" selectedDebuggerIdentifier = "Xcode.DebuggerFoundation.Debugger.LLDB" selectedLauncherIdentifier = "Xcode.DebuggerFoundation.Launcher.LLDB" launchStyle = "0" useCustomWorkingDirectory = "NO" ignoresPersistentStateOnLaunch = "NO" debugDocumentVersioning = "YES" debugServiceExtension = "internal" allowLocationSimulation = "YES">
      <BuildableProductRunnable runnableDebuggingMode = "0">
         <BuildableReference BuildableIdentifier = "primary" BlueprintIdentifier = "CC3222562F098A21004DF5DE" BuildableName = "essensys-iphone.app" BlueprintName = "essensys-iphone" ReferencedContainer = "container:essensys-iphone.xcodeproj"/>
      </BuildableProductRunnable>
   </LaunchAction>
   <ProfileAction buildConfiguration = "Release" shouldUseLaunchSchemeArgsEnv = "YES" savedToolIdentifier = "" useCustomWorkingDirectory = "NO" debugDocumentVersioning = "YES">
      <BuildableProductRunnable runnableDebuggingMode = "0">
         <BuildableReference BuildableIdentifier = "primary" BlueprintIdentifier = "CC3222562F098A21004DF5DE" BuildableName = "essensys-iphone.app" BlueprintName = "essensys-iphone" ReferencedContainer = "container:essensys-iphone.xcodeproj"/>
      </BuildableProductRunnable>
   </ProfileAction>
   <AnalyzeAction buildConfiguration = "Debug"/>
   <ArchiveAction buildConfiguration = "Release" revealArchiveInOrganizer = "YES"/>
</Scheme>
